// !$*UTF8*$!
{
	archiveVersion = 1;
	classes = {
	};
	objectVersion = 56;
	objects = {

/* Begin PBXBuildFile section */
		210E1CDC2B21C89A00AAC945 /* CardEditView.swift in Sources */ = {isa = PBXBuildFile; fileRef = 210E1CDB2B21C89A00AAC945 /* CardEditView.swift */; };
		21246D7E2B191355004A78FD /* TopicListView.swift in Sources */ = {isa = PBXBuildFile; fileRef = 21246D7D2B191355004A78FD /* TopicListView.swift */; };
		21E528592B0AE82E006BFB1B /* MasteryApp.swift in Sources */ = {isa = PBXBuildFile; fileRef = 21E528582B0AE82E006BFB1B /* MasteryApp.swift */; };
		21E5285B2B0AE82E006BFB1B /* ContentView.swift in Sources */ = {isa = PBXBuildFile; fileRef = 21E5285A2B0AE82E006BFB1B /* ContentView.swift */; };
		21E5285F2B0AE82F006BFB1B /* Assets.xcassets in Resources */ = {isa = PBXBuildFile; fileRef = 21E5285E2B0AE82F006BFB1B /* Assets.xcassets */; };
		21E528622B0AE82F006BFB1B /* Preview Assets.xcassets in Resources */ = {isa = PBXBuildFile; fileRef = 21E528612B0AE82F006BFB1B /* Preview Assets.xcassets */; };
		21E528692B0AE920006BFB1B /* DeckListView.swift in Sources */ = {isa = PBXBuildFile; fileRef = 21E528682B0AE920006BFB1B /* DeckListView.swift */; };
		21E5286B2B0AECA2006BFB1B /* DeckView.swift in Sources */ = {isa = PBXBuildFile; fileRef = 21E5286A2B0AECA2006BFB1B /* DeckView.swift */; };
		21E5286D2B0D2F8B006BFB1B /* DeckCustomizeView.swift in Sources */ = {isa = PBXBuildFile; fileRef = 21E5286C2B0D2F8B006BFB1B /* DeckCustomizeView.swift */; };
		21E5286F2B0D2FAA006BFB1B /* Deck.swift in Sources */ = {isa = PBXBuildFile; fileRef = 21E5286E2B0D2FAA006BFB1B /* Deck.swift */; };
/* End PBXBuildFile section */

/* Begin PBXFileReference section */
		210E1CDB2B21C89A00AAC945 /* CardEditView.swift */ = {isa = PBXFileReference; lastKnownFileType = sourcecode.swift; path = CardEditView.swift; sourceTree = "<group>"; };
		21246D7D2B191355004A78FD /* TopicListView.swift */ = {isa = PBXFileReference; lastKnownFileType = sourcecode.swift; path = TopicListView.swift; sourceTree = "<group>"; };
		21E528552B0AE82E006BFB1B /* Mastery.app */ = {isa = PBXFileReference; explicitFileType = wrapper.application; includeInIndex = 0; path = Mastery.app; sourceTree = BUILT_PRODUCTS_DIR; };
		21E528582B0AE82E006BFB1B /* MasteryApp.swift */ = {isa = PBXFileReference; lastKnownFileType = sourcecode.swift; path = MasteryApp.swift; sourceTree = "<group>"; };
		21E5285A2B0AE82E006BFB1B /* ContentView.swift */ = {isa = PBXFileReference; lastKnownFileType = sourcecode.swift; path = ContentView.swift; sourceTree = "<group>"; };
		21E5285E2B0AE82F006BFB1B /* Assets.xcassets */ = {isa = PBXFileReference; lastKnownFileType = folder.assetcatalog; path = Assets.xcassets; sourceTree = "<group>"; };
		21E528612B0AE82F006BFB1B /* Preview Assets.xcassets */ = {isa = PBXFileReference; lastKnownFileType = folder.assetcatalog; path = "Preview Assets.xcassets"; sourceTree = "<group>"; };
		21E528682B0AE920006BFB1B /* DeckListView.swift */ = {isa = PBXFileReference; lastKnownFileType = sourcecode.swift; path = DeckListView.swift; sourceTree = "<group>"; };
		21E5286A2B0AECA2006BFB1B /* DeckView.swift */ = {isa = PBXFileReference; lastKnownFileType = sourcecode.swift; path = DeckView.swift; sourceTree = "<group>"; };
		21E5286C2B0D2F8B006BFB1B /* DeckCustomizeView.swift */ = {isa = PBXFileReference; lastKnownFileType = sourcecode.swift; path = DeckCustomizeView.swift; sourceTree = "<group>"; };
		21E5286E2B0D2FAA006BFB1B /* Deck.swift */ = {isa = PBXFileReference; lastKnownFileType = sourcecode.swift; path = Deck.swift; sourceTree = "<group>"; };
/* End PBXFileReference section */

/* Begin PBXFrameworksBuildPhase section */
		21E528522B0AE82E006BFB1B /* Frameworks */ = {
			isa = PBXFrameworksBuildPhase;
			buildActionMask = 2147483647;
			files = (
			);
			runOnlyForDeploymentPostprocessing = 0;
		};
/* End PBXFrameworksBuildPhase section */

/* Begin PBXGroup section */
		21E5284C2B0AE82E006BFB1B = {
			isa = PBXGroup;
			children = (
				21E528572B0AE82E006BFB1B /* Mastery */,
				21E528562B0AE82E006BFB1B /* Products */,
			);
			sourceTree = "<group>";
		};
		21E528562B0AE82E006BFB1B /* Products */ = {
			isa = PBXGroup;
			children = (
				21E528552B0AE82E006BFB1B /* Mastery.app */,
			);
			name = Products;
			sourceTree = "<group>";
		};
		21E528572B0AE82E006BFB1B /* Mastery */ = {
			isa = PBXGroup;
			children = (
				21E5286E2B0D2FAA006BFB1B /* Deck.swift */,
				21E528582B0AE82E006BFB1B /* MasteryApp.swift */,
				21E5285A2B0AE82E006BFB1B /* ContentView.swift */,
				21E5285E2B0AE82F006BFB1B /* Assets.xcassets */,
				21E528602B0AE82F006BFB1B /* Preview Content */,
				21E528682B0AE920006BFB1B /* DeckListView.swift */,
				21E5286A2B0AECA2006BFB1B /* DeckView.swift */,
				21E5286C2B0D2F8B006BFB1B /* DeckCustomizeView.swift */,
				21246D7D2B191355004A78FD /* TopicListView.swift */,
				210E1CDB2B21C89A00AAC945 /* CardEditView.swift */,
			);
			path = Mastery;
			sourceTree = "<group>";
		};
		21E528602B0AE82F006BFB1B /* Preview Content */ = {
			isa = PBXGroup;
			children = (
				21E528612B0AE82F006BFB1B /* Preview Assets.xcassets */,
			);
			path = "Preview Content";
			sourceTree = "<group>";
		};
/* End PBXGroup section */

/* Begin PBXNativeTarget section */
		21E528542B0AE82E006BFB1B /* Mastery */ = {
			isa = PBXNativeTarget;
			buildConfigurationList = 21E528652B0AE82F006BFB1B /* Build configuration list for PBXNativeTarget "Mastery" */;
			buildPhases = (
				21E528512B0AE82E006BFB1B /* Sources */,
				21E528522B0AE82E006BFB1B /* Frameworks */,
				21E528532B0AE82E006BFB1B /* Resources */,
			);
			buildRules = (
			);
			dependencies = (
			);
			name = Mastery;
			productName = Mastery;
			productReference = 21E528552B0AE82E006BFB1B /* Mastery.app */;
			productType = "com.apple.product-type.application";
		};
/* End PBXNativeTarget section */

/* Begin PBXProject section */
		21E5284D2B0AE82E006BFB1B /* Project object */ = {
			isa = PBXProject;
			attributes = {
				BuildIndependentTargetsInParallel = 1;
				LastSwiftUpdateCheck = 1500;
				LastUpgradeCheck = 1500;
				TargetAttributes = {
					21E528542B0AE82E006BFB1B = {
						CreatedOnToolsVersion = 15.0.1;
					};
				};
			};
			buildConfigurationList = 21E528502B0AE82E006BFB1B /* Build configuration list for PBXProject "Mastery" */;
			compatibilityVersion = "Xcode 14.0";
			developmentRegion = en;
			hasScannedForEncodings = 0;
			knownRegions = (
				en,
				Base,
			);
			mainGroup = 21E5284C2B0AE82E006BFB1B;
			productRefGroup = 21E528562B0AE82E006BFB1B /* Products */;
			projectDirPath = "";
			projectRoot = "";
			targets = (
				21E528542B0AE82E006BFB1B /* Mastery */,
			);
		};
/* End PBXProject section */

/* Begin PBXResourcesBuildPhase section */
		21E528532B0AE82E006BFB1B /* Resources */ = {
			isa = PBXResourcesBuildPhase;
			buildActionMask = 2147483647;
			files = (
				21E528622B0AE82F006BFB1B /* Preview Assets.xcassets in Resources */,
				21E5285F2B0AE82F006BFB1B /* Assets.xcassets in Resources */,
			);
			runOnlyForDeploymentPostprocessing = 0;
		};
/* End PBXResourcesBuildPhase section */

/* Begin PBXSourcesBuildPhase section */
		21E528512B0AE82E006BFB1B /* Sources */ = {
			isa = PBXSourcesBuildPhase;
			buildActionMask = 2147483647;
			files = (
				210E1CDC2B21C89A00AAC945 /* CardEditView.swift in Sources */,
				21E5286F2B0D2FAA006BFB1B /* Deck.swift in Sources */,
				21E528692B0AE920006BFB1B /* DeckListView.swift in Sources */,
				21E5285B2B0AE82E006BFB1B /* ContentView.swift in Sources */,
				21E528592B0AE82E006BFB1B /* MasteryApp.swift in Sources */,
				21E5286D2B0D2F8B006BFB1B /* DeckCustomizeView.swift in Sources */,
				21246D7E2B191355004A78FD /* TopicListView.swift in Sources */,
				21E5286B2B0AECA2006BFB1B /* DeckView.swift in Sources */,
			);
			runOnlyForDeploymentPostprocessing = 0;
		};
/* End PBXSourcesBuildPhase section */

/* Begin XCBuildConfiguration section */
		21E528632B0AE82F006BFB1B /* Debug */ = {
			isa = XCBuildConfiguration;
			buildSettings = {
				ALWAYS_SEARCH_USER_PATHS = NO;
				ASSETCATALOG_COMPILER_GENERATE_SWIFT_ASSET_SYMBOL_EXTENSIONS = YES;
				CLANG_ANALYZER_NONNULL = YES;
				CLANG_ANALYZER_NUMBER_OBJECT_CONVERSION = YES_AGGRESSIVE;
				CLANG_CXX_LANGUAGE_STANDARD = "gnu++20";
				CLANG_ENABLE_MODULES = YES;
				CLANG_ENABLE_OBJC_ARC = YES;
				CLANG_ENABLE_OBJC_WEAK = YES;
				CLANG_WARN_BLOCK_CAPTURE_AUTORELEASING = YES;
				CLANG_WARN_BOOL_CONVERSION = YES;
				CLANG_WARN_COMMA = YES;
				CLANG_WARN_CONSTANT_CONVERSION = YES;
				CLANG_WARN_DEPRECATED_OBJC_IMPLEMENTATIONS = YES;
				CLANG_WARN_DIRECT_OBJC_ISA_USAGE = YES_ERROR;
				CLANG_WARN_DOCUMENTATION_COMMENTS = YES;
				CLANG_WARN_EMPTY_BODY = YES;
				CLANG_WARN_ENUM_CONVERSION = YES;
				CLANG_WARN_INFINITE_RECURSION = YES;
				CLANG_WARN_INT_CONVERSION = YES;
				CLANG_WARN_NON_LITERAL_NULL_CONVERSION = YES;
				CLANG_WARN_OBJC_IMPLICIT_RETAIN_SELF = YES;
				CLANG_WARN_OBJC_LITERAL_CONVERSION = YES;
				CLANG_WARN_OBJC_ROOT_CLASS = YES_ERROR;
				CLANG_WARN_QUOTED_INCLUDE_IN_FRAMEWORK_HEADER = YES;
				CLANG_WARN_RANGE_LOOP_ANALYSIS = YES;
				CLANG_WARN_STRICT_PROTOTYPES = YES;
				CLANG_WARN_SUSPICIOUS_MOVE = YES;
				CLANG_WARN_UNGUARDED_AVAILABILITY = YES_AGGRESSIVE;
				CLANG_WARN_UNREACHABLE_CODE = YES;
				CLANG_WARN__DUPLICATE_METHOD_MATCH = YES;
				COPY_PHASE_STRIP = NO;
				DEBUG_INFORMATION_FORMAT = dwarf;
				ENABLE_STRICT_OBJC_MSGSEND = YES;
				ENABLE_TESTABILITY = YES;
				ENABLE_USER_SCRIPT_SANDBOXING = YES;
				GCC_C_LANGUAGE_STANDARD = gnu17;
				GCC_DYNAMIC_NO_PIC = NO;
				GCC_NO_COMMON_BLOCKS = YES;
				GCC_OPTIMIZATION_LEVEL = 0;
				GCC_PREPROCESSOR_DEFINITIONS = (
					"DEBUG=1",
					"$(inherited)",
				);
				GCC_WARN_64_TO_32_BIT_CONVERSION = YES;
				GCC_WARN_ABOUT_RETURN_TYPE = YES_ERROR;
				GCC_WARN_UNDECLARED_SELECTOR = YES;
				GCC_WARN_UNINITIALIZED_AUTOS = YES_AGGRESSIVE;
				GCC_WARN_UNUSED_FUNCTION = YES;
				GCC_WARN_UNUSED_VARIABLE = YES;
				IPHONEOS_DEPLOYMENT_TARGET = 17.0;
				LOCALIZATION_PREFERS_STRING_CATALOGS = YES;
				MTL_ENABLE_DEBUG_INFO = INCLUDE_SOURCE;
				MTL_FAST_MATH = YES;
				ONLY_ACTIVE_ARCH = YES;
				SDKROOT = iphoneos;
				SWIFT_ACTIVE_COMPILATION_CONDITIONS = "DEBUG $(inherited)";
				SWIFT_OPTIMIZATION_LEVEL = "-Onone";
			};
			name = Debug;
		};
		21E528642B0AE82F006BFB1B /* Release */ = {
			isa = XCBuildConfiguration;
			buildSettings = {
				ALWAYS_SEARCH_USER_PATHS = NO;
				ASSETCATALOG_COMPILER_GENERATE_SWIFT_ASSET_SYMBOL_EXTENSIONS = YES;
				CLANG_ANALYZER_NONNULL = YES;
				CLANG_ANALYZER_NUMBER_OBJECT_CONVERSION = YES_AGGRESSIVE;
				CLANG_CXX_LANGUAGE_STANDARD = "gnu++20";
				CLANG_ENABLE_MODULES = YES;
				CLANG_ENABLE_OBJC_ARC = YES;
				CLANG_ENABLE_OBJC_WEAK = YES;
				CLANG_WARN_BLOCK_CAPTURE_AUTORELEASING = YES;
				CLANG_WARN_BOOL_CONVERSION = YES;
				CLANG_WARN_COMMA = YES;
				CLANG_WARN_CONSTANT_CONVERSION = YES;
				CLANG_WARN_DEPRECATED_OBJC_IMPLEMENTATIONS = YES;
				CLANG_WARN_DIRECT_OBJC_ISA_USAGE = YES_ERROR;
				CLANG_WARN_DOCUMENTATION_COMMENTS = YES;
				CLANG_WARN_EMPTY_BODY = YES;
				CLANG_WARN_ENUM_CONVERSION = YES;
				CLANG_WARN_INFINITE_RECURSION = YES;
				CLANG_WARN_INT_CONVERSION = YES;
				CLANG_WARN_NON_LITERAL_NULL_CONVERSION = YES;
				CLANG_WARN_OBJC_IMPLICIT_RETAIN_SELF = YES;
				CLANG_WARN_OBJC_LITERAL_CONVERSION = YES;
				CLANG_WARN_OBJC_ROOT_CLASS = YES_ERROR;
				CLANG_WARN_QUOTED_INCLUDE_IN_FRAMEWORK_HEADER = YES;
				CLANG_WARN_RANGE_LOOP_ANALYSIS = YES;
				CLANG_WARN_STRICT_PROTOTYPES = YES;
				CLANG_WARN_SUSPICIOUS_MOVE = YES;
				CLANG_WARN_UNGUARDED_AVAILABILITY = YES_AGGRESSIVE;
				CLANG_WARN_UNREACHABLE_CODE = YES;
				CLANG_WARN__DUPLICATE_METHOD_MATCH = YES;
				COPY_PHASE_STRIP = NO;
				DEBUG_INFORMATION_FORMAT = "dwarf-with-dsym";
				ENABLE_NS_ASSERTIONS = NO;
				ENABLE_STRICT_OBJC_MSGSEND = YES;
				ENABLE_USER_SCRIPT_SANDBOXING = YES;
				GCC_C_LANGUAGE_STANDARD = gnu17;
				GCC_NO_COMMON_BLOCKS = YES;
				GCC_WARN_64_TO_32_BIT_CONVERSION = YES;
				GCC_WARN_ABOUT_RETURN_TYPE = YES_ERROR;
				GCC_WARN_UNDECLARED_SELECTOR = YES;
				GCC_WARN_UNINITIALIZED_AUTOS = YES_AGGRESSIVE;
				GCC_WARN_UNUSED_FUNCTION = YES;
				GCC_WARN_UNUSED_VARIABLE = YES;
				IPHONEOS_DEPLOYMENT_TARGET = 17.0;
				LOCALIZATION_PREFERS_STRING_CATALOGS = YES;
				MTL_ENABLE_DEBUG_INFO = NO;
				MTL_FAST_MATH = YES;
				SDKROOT = iphoneos;
				SWIFT_COMPILATION_MODE = wholemodule;
				VALIDATE_PRODUCT = YES;
			};
			name = Release;
		};
		21E528662B0AE82F006BFB1B /* Debug */ = {
			isa = XCBuildConfiguration;
			buildSettings = {
				ASSETCATALOG_COMPILER_APPICON_NAME = AppIcon;
				ASSETCATALOG_COMPILER_GLOBAL_ACCENT_COLOR_NAME = AccentColor;
				CODE_SIGN_STYLE = Automatic;
				CURRENT_PROJECT_VERSION = 1;
				DEVELOPMENT_ASSET_PATHS = "\"Mastery/Preview Content\"";
				ENABLE_PREVIEWS = YES;
				GENERATE_INFOPLIST_FILE = YES;
				INFOPLIST_KEY_UIApplicationSceneManifest_Generation = YES;
				INFOPLIST_KEY_UIApplicationSupportsIndirectInputEvents = YES;
				INFOPLIST_KEY_UILaunchScreen_Generation = YES;
				INFOPLIST_KEY_UISupportedInterfaceOrientations_iPad = "UIInterfaceOrientationPortrait UIInterfaceOrientationPortraitUpsideDown UIInterfaceOrientationLandscapeLeft UIInterfaceOrientationLandscapeRight";
				INFOPLIST_KEY_UISupportedInterfaceOrientations_iPhone = "UIInterfaceOrientationPortrait UIInterfaceOrientationLandscapeLeft UIInterfaceOrientationLandscapeRight";
				LD_RUNPATH_SEARCH_PATHS = (
					"$(inherited)",
					"@executable_path/Frameworks",
				);
				MARKETING_VERSION = 1.0;
				PRODUCT_BUNDLE_IDENTIFIER = andytieu.Mastery;
				PRODUCT_NAME = "$(TARGET_NAME)";
				SWIFT_EMIT_LOC_STRINGS = YES;
				SWIFT_VERSION = 5.0;
				TARGETED_DEVICE_FAMILY = "1,2";
			};
			name = Debug;
		};
		21E528672B0AE82F006BFB1B /* Release */ = {
			isa = XCBuildConfiguration;
			buildSettings = {
				ASSETCATALOG_COMPILER_APPICON_NAME = AppIcon;
				ASSETCATALOG_COMPILER_GLOBAL_ACCENT_COLOR_NAME = AccentColor;
				CODE_SIGN_STYLE = Automatic;
				CURRENT_PROJECT_VERSION = 1;
				DEVELOPMENT_ASSET_PATHS = "\"Mastery/Preview Content\"";
				ENABLE_PREVIEWS = YES;
				GENERATE_INFOPLIST_FILE = YES;
				INFOPLIST_KEY_UIApplicationSceneManifest_Generation = YES;
				INFOPLIST_KEY_UIApplicationSupportsIndirectInputEvents = YES;
				INFOPLIST_KEY_UILaunchScreen_Generation = YES;
				INFOPLIST_KEY_UISupportedInterfaceOrientations_iPad = "UIInterfaceOrientationPortrait UIInterfaceOrientationPortraitUpsideDown UIInterfaceOrientationLandscapeLeft UIInterfaceOrientationLandscapeRight";
				INFOPLIST_KEY_UISupportedInterfaceOrientations_iPhone = "UIInterfaceOrientationPortrait UIInterfaceOrientationLandscapeLeft UIInterfaceOrientationLandscapeRight";
				LD_RUNPATH_SEARCH_PATHS = (
					"$(inherited)",
					"@executable_path/Frameworks",
				);
				MARKETING_VERSION = 1.0;
				PRODUCT_BUNDLE_IDENTIFIER = andytieu.Mastery;
				PRODUCT_NAME = "$(TARGET_NAME)";
				SWIFT_EMIT_LOC_STRINGS = YES;
				SWIFT_VERSION = 5.0;
				TARGETED_DEVICE_FAMILY = "1,2";
			};
			name = Release;
		};
/* End XCBuildConfiguration section */

/* Begin XCConfigurationList section */
		21E528502B0AE82E006BFB1B /* Build configuration list for PBXProject "Mastery" */ = {
			isa = XCConfigurationList;
			buildConfigurations = (
				21E528632B0AE82F006BFB1B /* Debug */,
				21E528642B0AE82F006BFB1B /* Release */,
			);
			defaultConfigurationIsVisible = 0;
			defaultConfigurationName = Release;
		};
		21E528652B0AE82F006BFB1B /* Build configuration list for PBXNativeTarget "Mastery" */ = {
			isa = XCConfigurationList;
			buildConfigurations = (
				21E528662B0AE82F006BFB1B /* Debug */,
				21E528672B0AE82F006BFB1B /* Release */,
			);
			defaultConfigurationIsVisible = 0;
			defaultConfigurationName = Release;
		};
/* End XCConfigurationList section */
	};
	rootObject = 21E5284D2B0AE82E006BFB1B /* Project object */;
}
